<?xml version="1.0" encoding="utf-8"?>
<Project ToolsVersion="4.0" xmlns="http://schemas.microsoft.com/developer/msbuild/2003">
  <ItemGroup>
    <Filter Include="Headers">
      <UniqueIdentifier>{4b0a624a-610d-4bc6-b311-2b02a781cdf9}</UniqueIdentifier>
    </Filter>
    <Filter Include="Sources">
      <UniqueIdentifier>{96692d2a-8790-41a9-bfac-6c5662d4ad61}</UniqueIdentifier>
    </Filter>
    <Filter Include="Headers\BaseObject">
      <UniqueIdentifier>{846a495a-487b-4807-a403-844ba887fcbb}</UniqueIdentifier>
    </Filter>
    <Filter Include="Sources\BaseObject">
      <UniqueIdentifier>{d39cbed2-bd77-4454-9a51-699b51e07b7f}</UniqueIdentifier>
    </Filter>
    <Filter Include="Headers\UI">
      <UniqueIdentifier>{6912f744-1462-41fd-adc3-2a3fe7eda64f}</UniqueIdentifier>
    </Filter>
    <Filter Include="Headers\Stage">
      <UniqueIdentifier>{1cfcaf08-1988-4b8f-aa75-8163a373ede3}</UniqueIdentifier>
    </Filter>
    <Filter Include="Headers\Object">
      <UniqueIdentifier>{6442b78d-64cf-4565-bb67-47430074db6d}</UniqueIdentifier>
    </Filter>
    <Filter Include="Headers\Data">
      <UniqueIdentifier>{ac04267d-7e5f-4892-b289-050052ac8173}</UniqueIdentifier>
    </Filter>
    <Filter Include="Sources\Object">
      <UniqueIdentifier>{400d70e8-8400-4a21-ad6a-5ba827167661}</UniqueIdentifier>
    </Filter>
    <Filter Include="Sources\Data">
      <UniqueIdentifier>{9dd2e5eb-8e83-4e73-8b49-b80eec4f4289}</UniqueIdentifier>
    </Filter>
    <Filter Include="Sources\Stage">
      <UniqueIdentifier>{467b2b31-40a6-4226-a836-2fcb4eb5154a}</UniqueIdentifier>
    </Filter>
    <Filter Include="Sources\UI">
      <UniqueIdentifier>{98f55ad5-75ea-4c60-9dac-450e43cf538f}</UniqueIdentifier>
    </Filter>
    <Filter Include="Headers\Creator">
      <UniqueIdentifier>{46c2f28e-ccbf-4e6b-b649-c67294c791d1}</UniqueIdentifier>
    </Filter>
    <Filter Include="Sources\Creator">
      <UniqueIdentifier>{d037269d-8acb-40f8-8a33-3d3665504e30}</UniqueIdentifier>
    </Filter>
    <Filter Include="ImGui">
      <UniqueIdentifier>{e75a939d-cab6-4286-8e29-5e57148f74e2}</UniqueIdentifier>
    </Filter>
    <Filter Include="Shader">
      <UniqueIdentifier>{ac21f4b2-f381-455f-9b14-64375b6caacc}</UniqueIdentifier>
    </Filter>
  </ItemGroup>
  <ItemGroup>
    <ClInclude Include="$(MSBuildThisFileDirectory)Project.h">
      <Filter>Headers</Filter>
    </ClInclude>
    <ClInclude Include="$(MSBuildThisFileDirectory)ProjectShader.h">
      <Filter>Headers</Filter>
    </ClInclude>
    <ClInclude Include="$(MSBuildThisFileDirectory)Scene.h">
      <Filter>Headers</Filter>
    </ClInclude>
    <ClInclude Include="$(MSBuildThisFileDirectory)ProjectBehavior.h">
      <Filter>Headers</Filter>
    </ClInclude>
    <ClInclude Include="$(MSBuildThisFileDirectory)GameStage.h">
      <Filter>Headers\Stage</Filter>
    </ClInclude>
    <ClInclude Include="$(MSBuildThisFileDirectory)Player.h">
      <Filter>Headers\Object</Filter>
    </ClInclude>
    <ClInclude Include="$(MSBuildThisFileDirectory)Character.h">
      <Filter>Headers\Object</Filter>
    </ClInclude>
    <ClInclude Include="$(MSBuildThisFileDirectory)UIAttackCommand.h">
      <Filter>Headers\UI</Filter>
    </ClInclude>
    <ClInclude Include="$(MSBuildThisFileDirectory)UIAttackCommandContent.h">
      <Filter>Headers\UI</Filter>
    </ClInclude>
    <ClInclude Include="$(MSBuildThisFileDirectory)UIAttackCommandCursor.h">
      <Filter>Headers\UI</Filter>
    </ClInclude>
    <ClInclude Include="$(MSBuildThisFileDirectory)UICommandContent.h">
      <Filter>Headers\UI</Filter>
    </ClInclude>
    <ClInclude Include="$(MSBuildThisFileDirectory)UIMainCommand.h">
      <Filter>Headers\UI</Filter>
    </ClInclude>
    <ClInclude Include="$(MSBuildThisFileDirectory)UIMainCommandCursor.h">
      <Filter>Headers\UI</Filter>
    </ClInclude>
    <ClInclude Include="$(MSBuildThisFileDirectory)EnumData.h">
      <Filter>Headers\Data</Filter>
    </ClInclude>
    <ClInclude Include="$(MSBuildThisFileDirectory)MapCursor.h">
      <Filter>Headers\Object</Filter>
    </ClInclude>
    <ClInclude Include="$(MSBuildThisFileDirectory)MapCreator.h">
      <Filter>Headers\Creator</Filter>
    </ClInclude>
    <ClInclude Include="$(MSBuildThisFileDirectory)UIBase.h">
      <Filter>Headers\BaseObject</Filter>
    </ClInclude>
    <ClInclude Include="$(MSBuildThisFileDirectory)StructData.h">
      <Filter>Headers\Data</Filter>
    </ClInclude>
    <ClInclude Include="$(MSBuildThisFileDirectory)ObjectBase.h">
      <Filter>Headers\BaseObject</Filter>
    </ClInclude>
    <ClInclude Include="$(MSBuildThisFileDirectory)ImObj.h">
      <Filter>ImGui</Filter>
    </ClInclude>
    <ClInclude Include="$(MSBuildThisFileDirectory)ProjectDraw.h">
      <Filter>Headers</Filter>
    </ClInclude>
  </ItemGroup>
  <ItemGroup>
    <ClCompile Include="$(MSBuildThisFileDirectory)ProjectShader.cpp">
      <Filter>Sources</Filter>
    </ClCompile>
    <ClCompile Include="$(MSBuildThisFileDirectory)Scene.cpp">
      <Filter>Sources</Filter>
    </ClCompile>
    <ClCompile Include="$(MSBuildThisFileDirectory)WinMain.cpp">
      <Filter>Sources</Filter>
    </ClCompile>
    <ClCompile Include="$(MSBuildThisFileDirectory)ProjectBehavior.cpp">
      <Filter>Sources</Filter>
    </ClCompile>
    <ClCompile Include="$(MSBuildThisFileDirectory)Character.cpp">
      <Filter>Sources\Object</Filter>
    </ClCompile>
    <ClCompile Include="$(MSBuildThisFileDirectory)Player.cpp">
      <Filter>Sources\Object</Filter>
    </ClCompile>
    <ClCompile Include="$(MSBuildThisFileDirectory)GameStage.cpp">
      <Filter>Sources\Stage</Filter>
    </ClCompile>
    <ClCompile Include="$(MSBuildThisFileDirectory)UIAttackCommand.cpp">
      <Filter>Sources\UI</Filter>
    </ClCompile>
    <ClCompile Include="$(MSBuildThisFileDirectory)UIAttackCommandContent.cpp">
      <Filter>Sources\UI</Filter>
    </ClCompile>
    <ClCompile Include="$(MSBuildThisFileDirectory)UIAttackCommandCursor.cpp">
      <Filter>Sources\UI</Filter>
    </ClCompile>
    <ClCompile Include="$(MSBuildThisFileDirectory)UICommandContent.cpp">
      <Filter>Sources\UI</Filter>
    </ClCompile>
    <ClCompile Include="$(MSBuildThisFileDirectory)UIMainCommand.cpp">
      <Filter>Sources\UI</Filter>
    </ClCompile>
    <ClCompile Include="$(MSBuildThisFileDirectory)UIMainCommandCursor.cpp">
      <Filter>Sources\UI</Filter>
    </ClCompile>
    <ClCompile Include="$(MSBuildThisFileDirectory)MapCursor.cpp">
      <Filter>Sources\Object</Filter>
    </ClCompile>
    <ClCompile Include="$(MSBuildThisFileDirectory)MapCreator.cpp">
      <Filter>Sources\Creator</Filter>
    </ClCompile>
    <ClCompile Include="$(MSBuildThisFileDirectory)ObjectBase.cpp">
      <Filter>Sources\BaseObject</Filter>
    </ClCompile>
    <ClCompile Include="$(MSBuildThisFileDirectory)UIBase.cpp">
      <Filter>Sources\BaseObject</Filter>
    </ClCompile>
    <ClCompile Include="$(MSBuildThisFileDirectory)ImObj.cpp">
      <Filter>ImGui</Filter>
    </ClCompile>
    <ClCompile Include="$(MSBuildThisFileDirectory)ProjectDraw.cpp">
      <Filter>Sources</Filter>
    </ClCompile>
  </ItemGroup>
  <ItemGroup>
    <None Include="$(MSBuildThisFileDirectory)GameShadeHeader.hlsli">
      <Filter>Shader</Filter>
    </None>
  </ItemGroup>
  <ItemGroup>
    <FxCompile Include="$(MSBuildThisFileDirectory)MapTipVS.hlsl">
      <Filter>Shader</Filter>
    </FxCompile>
    <FxCompile Include="$(MSBuildThisFileDirectory)MapTipPS.hlsl">
      <Filter>Shader</Filter>
    </FxCompile>
  </ItemGroup>
</Project>